version = 1
revision = 3
requires-python = "==3.13.*"
resolution-markers = [
    "platform_machine == 'x86_64' and sys_platform == 'linux'",
]
supported-markers = [
    "platform_machine == 'x86_64' and sys_platform == 'linux'",
]

[[package]]
name = "aiohappyeyeballs"
version = "2.6.2"
source = { registry = "https://pypi.org/simple" }
sdist = { url = "https://files.pythonhosted.org/packages/33/c6/61a2d7b7572279226bb2e7f61d7a19ca7c90da0329c93fa0d560cbf288d8/aiohappyeyeballs-2.6.2.tar.gz", hash = "sha256:e202810ee718bd01fc6ef49e8ea53d023d5cb6b581076d7925aa499fa55dbe64", size = 22591, upload-time = "2026-05-20T15:12:24.631Z" }
wheels = [
    { url = "https://files.pythonhosted.org/packages/5f/fc/a7bf5b6e4e617b45f90f2d9d2a68519c249c81dd4fc2658c7a2a61c4f4b7/aiohappyeyeballs-2.6.2-py3-none-any.whl", hash = "sha256:4708045e2d7a6c6bdf8aafa8ed39649eaf926a4543b54560659129e3365953c4", size = 15062, upload-time = "2026-05-20T15:12:23.328Z" },
]

[[package]]
name = "aiohttp"
version = "3.14.0"
source = { registry = "https://pypi.org/simple" }
dependencies = [
    { name = "aiohappyeyeballs", marker = "platform_machine == 'x86_64' and sys_platform == 'linux'" },
    { name = "aiosignal", marker = "platform_machine == 'x86_64' and sys_platform == 'linux'" },
    { name = "attrs", marker = "platform_machine == 'x86_64' and sys_platform == 'linux'" },
    { name = "frozenlist", marker = "platform_machine == 'x86_64' and sys_platform == 'linux'" },
    { name = "multidict", marker = "platform_machine == 'x86_64' and sys_platform == 'linux'" },
    { name = "propcache", marker = "platform_machine == 'x86_64' and sys_platform == 'linux'" },
    { name = "yarl", marker = "platform_machine == 'x86_64' and sys_platform == 'linux'" },
]
sdist = { url = "https://files.pythonhosted.org/packages/ee/ab/93ce242f899b68c51b0578c027aafa791ab3614cb9345fa5d37b5f5c8e3e/aiohttp-3.14.0.tar.gz", hash = "sha256:2882de819734c715fd1b9c11c97e09fa020d14438203d1d354d8ed1702791c9b", size = 7940674, upload-time = "2026-06-01T19:41:02.763Z" }
wheels = [
    { url = "https://files.pythonhosted.org/packages/fb/4d/4506fdb7a022bdf70011a3bbb4ca00c5c570026ef6a3c5bd7bc70c39089c/aiohttp-3.14.0-cp313-cp313-ios_13_0_x86_64_iphonesimulator.whl", hash = "sha256:076cb014191ae2e65d949e1ad01f1dcfe33e32789b5172510f3e79c79fc04d50", size = 496503, upload-time = "2026-06-01T19:38:33.6Z" },
    { url = "https://files.pythonhosted.org/packages/c5/a3/3800dbd095cb2bb165a7ea5d94d790914677e27f45638c7d80e3f34c8945/aiohttp-3.14.0-cp313-cp313-manylinux2014_x86_64.manylinux_2_17_x86_64.manylinux_2_28_x86_64.whl", hash = "sha256:26d9224c6dd7f5c749aba4f61315a894601448b28d94d12f4dea0903e26d2096", size = 1777241, upload-time = "2026-06-01T19:38:52.04Z" },
    { url = "https://files.pythonhosted.org/packages/fa/10/ab28818262f4d26bdb47ed5f1fc7999b69e2fc6e0370b02d0f49011f45ea/aiohttp-3.14.0-cp313-cp313-musllinux_1_2_x86_64.whl", hash = "sha256:666c7c5036df57b693026398b69b41874a1931ac5b3485fd910e57bfac253869", size = 1754516, upload-time = "2026-06-01T19:39:08.788Z" },
]

[[package]]
name = "aiosignal"
version = "1.4.0"
source = { registry = "https://pypi.org/simple" }
dependencies = [
    { name = "frozenlist", marker = "platform_machine == 'x86_64' and sys_platform == 'linux'" },
]
sdist = { url = "https://files.pythonhosted.org/packages/61/62/06741b579156360248d1ec624842ad0edf697050bbaf7c3e46394e106ad1/aiosignal-1.4.0.tar.gz", hash = "sha256:f47eecd9468083c2029cc99945502cb7708b082c232f9aca65da147157b251c7", size = 25007, upload-time = "2025-07-03T22:54:43.528Z" }
wheels = [
    { url = "https://files.pythonhosted.org/packages/fb/76/641ae371508676492379f16e2fa48f4e2c11741bd63c48be4b12a6b09cba/aiosignal-1.4.0-py3-none-any.whl", hash = "sha256:053243f8b92b990551949e63930a839ff0cf0b0ebbe0597b0f3fb19e1a0fe82e", size = 7490, upload-time = "2025-07-03T22:54:42.156Z" },
]

[[package]]
name = "annotated-types"
version = "0.7.0"
source = { registry = "https://pypi.org/simple" }
sdist = { url = "https://files.pythonhosted.org/packages/ee/67/531ea369ba64dcff5ec9c3402f9f51bf748cec26dde048a2f973a4eea7f5/annotated_types-0.7.0.tar.gz", hash = "sha256:aff07c09a53a08bc8cfccb9c85b05f1aa9a2a6f23728d790723543408344ce89", size = 16081, upload-time = "2024-05-20T21:33:25.928Z" }
wheels = [
    { url = "https://files.pythonhosted.org/packages/78/b6/6307fbef88d9b5ee7421e68d78a9f162e0da4900bc5f5793f6d3d0e34fb8/annotated_types-0.7.0-py3-none-any.whl", hash = "sha256:1f02e8b43a8fbbc3f3e0d4f0f4bfc8131bcb4eebe8849b8e5c773f3a1c582a53", size = 13643, upload-time = "2024-05-20T21:33:24.1Z" },
]

[[package]]
name = "anyio"
version = "4.13.0"
source = { registry = "https://pypi.org/simple" }
dependencies = [
    { name = "idna", marker = "platform_machine == 'x86_64' and sys_platform == 'linux'" },
]
sdist = { url = "https://files.pythonhosted.org/packages/19/14/2c5dd9f512b66549ae92767a9c7b330ae88e1932ca57876909410251fe13/anyio-4.13.0.tar.gz", hash = "sha256:334b70e641fd2221c1505b3890c69882fe4a2df910cba14d97019b90b24439dc", size = 231622, upload-time = "2026-03-24T12:59:09.671Z" }
wheels = [
    { url = "https://files.pythonhosted.org/packages/da/42/e921fccf5015463e32a3cf6ee7f980a6ed0f395ceeaa45060b61d86486c2/anyio-4.13.0-py3-none-any.whl", hash = "sha256:08b310f9e24a9594186fd75b4f73f4a4152069e3853f1ed8bfbf58369f4ad708", size = 114353, upload-time = "2026-03-24T12:59:08.246Z" },
]

[[package]]
name = "attrs"
version = "26.1.0"
source = { registry = "https://pypi.org/simple" }
sdist = { url = "https://files.pythonhosted.org/packages/9a/8e/82a0fe20a541c03148528be8cac2408564a6c9a0cc7e9171802bc1d26985/attrs-26.1.0.tar.gz", hash = "sha256:d03ceb89cb322a8fd706d4fb91940737b6642aa36998fe130a9bc96c985eff32", size = 952055, upload-time = "2026-03-19T14:22:25.026Z" }
wheels = [
    { url = "https://files.pythonhosted.org/packages/64/b4/17d4b0b2a2dc85a6df63d1157e028ed19f90d4cd97c36717afef2bc2f395/attrs-26.1.0-py3-none-any.whl", hash = "sha256:c647aa4a12dfbad9333ca4e71fe62ddc36f4e63b2d260a37a8b83d2f043ac309", size = 67548, upload-time = "2026-03-19T14:22:23.645Z" },
]

[[package]]
name = "certifi"
version = "2026.5.20"
source = { registry = "https://pypi.org/simple" }
sdist = { url = "https://files.pythonhosted.org/packages/f3/ce/ee2ecad540810a79593028e88299baeae54d346cc7a0d94b6199988b89b1/certifi-2026.5.20.tar.gz", hash = "sha256:69dea482ab64caa7b9f6aba1c6bf48bb6a5448d1c0f1b17ab42ad8c763a5344d", size = 135422, upload-time = "2026-05-20T11:46:50.073Z" }
wheels = [
    { url = "https://files.pythonhosted.org/packages/59/8c/57e832b7af6d7c5abe66eb3fbe3a3a32f4d11ea23a1aa7131371035be991/certifi-2026.5.20-py3-none-any.whl", hash = "sha256:3c52e209ba0a4ad7aebe60436a4ab349c39e1e602e8c134221e546902ad25897", size = 134134, upload-time = "2026-05-20T11:46:48.578Z" },
]

[[package]]
name = "cffi"
version = "2.0.0"
source = { registry = "https://pypi.org/simple" }
dependencies = [
    { name = "pycparser", marker = "implementation_name != 'PyPy' and platform_machine == 'x86_64' and sys_platform == 'linux'" },
]
sdist = { url = "https://files.pythonhosted.org/packages/eb/56/b1ba7935a17738ae8453301356628e8147c79dbb825bcbc73dc7401f9846/cffi-2.0.0.tar.gz", hash = "sha256:44d1b5909021139fe36001ae048dbdde8214afa20200eda0f64c068cac5d5529", size = 523588, upload-time = "2025-09-08T23:24:04.541Z" }
wheels = [
    { url = "https://files.pythonhosted.org/packages/98/df/0a1755e750013a2081e863e7cd37e0cdd02664372c754e5560099eb7aa44/cffi-2.0.0-cp313-cp313-manylinux2014_x86_64.manylinux_2_17_x86_64.whl", hash = "sha256:c8d3b5532fc71b7a77c09192b4a5a200ea992702734a2e9279a37f2478236f26", size = 219499, upload-time = "2025-09-08T23:23:09.648Z" },
    { url = "https://files.pythonhosted.org/packages/36/54/0362578dd2c9e557a28ac77698ed67323ed5b9775ca9d3fe73fe191bb5d8/cffi-2.0.0-cp313-cp313-musllinux_1_2_x86_64.whl", hash = "sha256:6d50360be4546678fc1b79ffe7a66265e28667840010348dd69a314145807a1b", size = 221302, upload-time = "2025-09-08T23:23:12.42Z" },
]

[[package]]
name = "charset-normalizer"
version = "3.4.7"
source = { registry = "https://pypi.org/simple" }
sdist = { url = "https://files.pythonhosted.org/packages/e7/a1/67fe25fac3c7642725500a3f6cfe5821ad557c3abb11c9d20d12c7008d3e/charset_normalizer-3.4.7.tar.gz", hash = "sha256:ae89db9e5f98a11a4bf50407d4363e7b09b31e55bc117b4f7d80aab97ba009e5", size = 144271, upload-time = "2026-04-02T09:28:39.342Z" }
wheels = [
    { url = "https://files.pythonhosted.org/packages/fa/07/330e3a0dda4c404d6da83b327270906e9654a24f6c546dc886a0eb0ffb23/charset_normalizer-3.4.7-cp313-cp313-manylinux2014_x86_64.manylinux_2_17_x86_64.manylinux_2_28_x86_64.whl", hash = "sha256:e044c39e41b92c845bc815e5ae4230804e8e7bc29e399b0437d64222d92809dd", size = 215595, upload-time = "2026-04-02T09:26:50.915Z" },
    { url = "https://files.pythonhosted.org/packages/6a/9f/130394f9bbe06f4f63e22641d32fc9b202b7e251c9aef4db044324dac493/charset_normalizer-3.4.7-cp313-cp313-musllinux_1_2_x86_64.whl", hash = "sha256:64f02c6841d7d83f832cd97ccf8eb8a906d06eb95d5276069175c696b024b60a", size = 217723, upload-time = "2026-04-02T09:27:02.021Z" },
    { url = "https://files.pythonhosted.org/packages/db/8f/61959034484a4a7c527811f4721e75d02d653a35afb0b6054474d8185d4c/charset_normalizer-3.4.7-py3-none-any.whl", hash = "sha256:3dce51d0f5e7951f8bb4900c257dad282f49190fdbebecd4ba99bcc41fef404d", size = 61958, upload-time = "2026-04-02T09:28:37.794Z" },
]

[[package]]
name = "cryptography"
version = "48.0.0"
source = { registry = "https://pypi.org/simple" }
dependencies = [
    { name = "cffi", marker = "platform_machine == 'x86_64' and platform_python_implementation != 'PyPy' and sys_platform == 'linux'" },
]
sdist = { url = "https://files.pythonhosted.org/packages/9f/a9/db8f313fdcd85d767d4973515e1db101f9c71f95fced83233de224673757/cryptography-48.0.0.tar.gz", hash = "sha256:5c3932f4436d1cccb036cb0eaef46e6e2db91035166f1ad6505c3c9d5a635920", size = 832984, upload-time = "2026-05-04T22:59:38.133Z" }
wheels = [
    { url = "https://files.pythonhosted.org/packages/90/04/673510ed51ddff56575f306cf1617d80411ee76831ccd3097599140efdfe/cryptography-48.0.0-cp311-abi3-manylinux2014_x86_64.manylinux_2_17_x86_64.whl", hash = "sha256:7995ef305d7165c3f11ae07f2517e5a4f1d5c18da1376a0a9ed496336b69e5f3", size = 4710620, upload-time = "2026-05-04T22:57:42.935Z" },
    { url = "https://files.pythonhosted.org/packages/95/38/0d29a6fd7d0d1373f0c0c88a04ba20e359b257753ac497564cd660fc1d55/cryptography-48.0.0-cp311-abi3-manylinux_2_28_x86_64.whl", hash = "sha256:a0e692c683f4df67815a2d258b324e66f4738bd7a96a218c826dce4f4bd05d8f", size = 4743677, upload-time = "2026-05-04T22:57:50.067Z" },
    { url = "https://files.pythonhosted.org/packages/d0/c0/7101d3b7215edcdc90c45da544961fd8ed2d6448f77577460fa75a8443f7/cryptography-48.0.0-cp311-abi3-manylinux_2_34_x86_64.whl", hash = "sha256:bd72e68b06bb1e96913f97dd4901119bc17f39d4586a5adf2d3e47bc2b9d58b5", size = 4743326, upload-time = "2026-05-04T22:57:59.535Z" },
    { url = "https://files.pythonhosted.org/packages/98/e1/7074eb8bf3c135558c73fc2bcf0f5633f912e6fb87e868a55c454080ef09/cryptography-48.0.0-cp311-abi3-musllinux_1_2_x86_64.whl", hash = "sha256:9249e3cd978541d665967ac2cb2787fd6a62bddf1e75b3e347a594d7dacf4f74", size = 4972574, upload-time = "2026-05-04T22:58:03.968Z" },
    { url = "https://files.pythonhosted.org/packages/ec/c6/8b14f67e18338fbc4adb76f66c001f5c3610b3e2d1837f268f47a347dbbb/cryptography-48.0.0-cp39-abi3-manylinux2014_x86_64.manylinux_2_17_x86_64.whl", hash = "sha256:7ce4bfae76319a532a2dc68f82cc32f5676ee792a983187dac07183690e5c66f", size = 4696228, upload-time = "2026-05-04T22:58:48.22Z" },
    { url = "https://files.pythonhosted.org/packages/02/e1/50edc7a50334807cc4791fc4a0ce7468b4a1416d9138eab358bfc9a3d70b/cryptography-48.0.0-cp39-abi3-manylinux_2_28_x86_64.whl", hash = "sha256:2b4d59804e8408e2fea7d1fbaf218e5ec984325221db76e6a241a9abd6cdd95c", size = 4730479, upload-time = "2026-05-04T22:58:55.611Z" },
    { url = "https://files.pythonhosted.org/packages/c9/70/ca4003b1ce5ca3dc3186ada51908c8a9b9ff7d5cab83cc0d43ee14ec144f/cryptography-48.0.0-cp39-abi3-manylinux_2_34_x86_64.whl", hash = "sha256:9071196d81abc88b3516ac8cdfad32e2b66dd4a5393a8e68a961e9161ddc6239", size = 4729947, upload-time = "2026-05-04T22:59:05.255Z" },
    { url = "https://files.pythonhosted.org/packages/1e/75/a2e55f99c16fcac7b5d6c1eb19ad8e00799854d6be5ca845f9259eae1681/cryptography-48.0.0-cp39-abi3-musllinux_1_2_x86_64.whl", hash = "sha256:a5da777e32ffed6f85a7b2b3f7c5cbc88c146bfcd0a1d7baf5fcc6c52ee35dd4", size = 4960575, upload-time = "2026-05-04T22:59:09.851Z" },
]

[[package]]
name = "distro"
version = "1.9.0"
source = { registry = "https://pypi.org/simple" }
sdist = { url = "https://files.pythonhosted.org/packages/fc/f8/98eea607f65de6527f8a2e8885fc8015d3e6f5775df186e443e0964a11c3/distro-1.9.0.tar.gz", hash = "sha256:2fa77c6fd8940f116ee1d6b94a2f90b13b5ea8d019b98bc8bafdcabcdd9bdbed", size = 60722, upload-time = "2023-12-24T09:54:32.31Z" }
wheels = [
    { url = "https://files.pythonhosted.org/packages/12/b3/231ffd4ab1fc9d679809f356cebee130ac7daa00d6d6f3206dd4fd137e9e/distro-1.9.0-py3-none-any.whl", hash = "sha256:7bffd925d65168f85027d8da9af6bddab658135b840670a223589bc0c8ef02b2", size = 20277, upload-time = "2023-12-24T09:54:30.421Z" },
]

[[package]]
name = "frozenlist"
version = "1.8.0"
source = { registry = "https://pypi.org/simple" }
sdist = { url = "https://files.pythonhosted.org/packages/2d/f5/c831fac6cc817d26fd54c7eaccd04ef7e0288806943f7cc5bbf69f3ac1f0/frozenlist-1.8.0.tar.gz", hash = "sha256:3ede829ed8d842f6cd48fc7081d7a41001a56f1f38603f9d49bf3020d59a31ad", size = 45875, upload-time = "2025-10-06T05:38:17.865Z" }
wheels = [
    { url = "https://files.pythonhosted.org/packages/d5/4e/e4691508f9477ce67da2015d8c00acd751e6287739123113a9fca6f1604e/frozenlist-1.8.0-cp313-cp313-manylinux1_x86_64.manylinux_2_28_x86_64.manylinux_2_5_x86_64.whl", hash = "sha256:fb30f9626572a76dfe4293c7194a09fb1fe93ba94c7d4f720dfae3b646b45027", size = 234391, upload-time = "2025-10-06T05:36:31.301Z" },
    { url = "https://files.pythonhosted.org/packages/03/a8/9ea226fbefad669f11b52e864c55f0bd57d3c8d7eb07e9f2e9a0b39502e1/frozenlist-1.8.0-cp313-cp313-musllinux_1_2_x86_64.whl", hash = "sha256:21900c48ae04d13d416f0e1e0c4d81f7931f73a9dfa0b7a8746fb2fe7dd970ed", size = 233717, upload-time = "2025-10-06T05:36:44.251Z" },
    { url = "https://files.pythonhosted.org/packages/bc/71/d1fed0ffe2c2ccd70b43714c6cab0f4188f09f8a67a7914a6b46ee30f274/frozenlist-1.8.0-cp313-cp313t-manylinux1_x86_64.manylinux_2_28_x86_64.manylinux_2_5_x86_64.whl", hash = "sha256:b3210649ee28062ea6099cfda39e147fa1bc039583c8ee4481cb7811e2448c51", size = 284533, upload-time = "2025-10-06T05:36:51.898Z" },
    { url = "https://files.pythonhosted.org/packages/e3/20/bba307ab4235a09fdcd3cc5508dbabd17c4634a1af4b96e0f69bfe551ebd/frozenlist-1.8.0-cp313-cp313t-musllinux_1_2_x86_64.whl", hash = "sha256:6da155091429aeba16851ecb10a9104a108bcd32f6c1642867eadaee401c1c41", size = 283659, upload-time = "2025-10-06T05:37:03.711Z" },
    { url = "https://files.pythonhosted.org/packages/9a/9a/e35b4a917281c0b8419d4207f4334c8e8c5dbf4f3f5f9ada73958d937dcc/frozenlist-1.8.0-py3-none-any.whl", hash = "sha256:0c18a16eab41e82c295618a77502e17b195883241c563b00f0aa5106fc4eaa0d", size = 13409, upload-time = "2025-10-06T05:38:16.721Z" },
]

[[package]]
name = "gemini-file-upload-diagnostic"
version = "0.1.0"
source = { editable = "." }
dependencies = [
    { name = "aiohttp", marker = "platform_machine == 'x86_64' and sys_platform == 'linux'" },
    { name = "google-genai", marker = "platform_machine == 'x86_64' and sys_platform == 'linux'" },
    { name = "rich", marker = "platform_machine == 'x86_64' and sys_platform == 'linux'" },
]

[package.metadata]
requires-dist = [
    { name = "aiohttp" },
    { name = "google-genai" },
    { name = "rich" },
]

[[package]]
name = "google-auth"
version = "2.53.0"
source = { registry = "https://pypi.org/simple" }
dependencies = [
    { name = "cryptography", marker = "platform_machine == 'x86_64' and sys_platform == 'linux'" },
    { name = "pyasn1-modules", marker = "platform_machine == 'x86_64' and sys_platform == 'linux'" },
]
sdist = { url = "https://files.pythonhosted.org/packages/c6/ad/ff781329bbbdc0974a098d996e89c9e1f7024262f9e3eec442fbb9ad1ac6/google_auth-2.53.0.tar.gz", hash = "sha256:e7e6aa16f6bee7b2b264830fd04f08087a1d5a836df516251a5d15327b246c9c", size = 335844, upload-time = "2026-05-15T20:53:07.928Z" }
wheels = [
    { url = "https://files.pythonhosted.org/packages/4a/c9/db44165ba7c581268c6d46017ef63339110378305062830104fc7fa144cb/google_auth-2.53.0-py3-none-any.whl", hash = "sha256:6e7449917c599b35126a99ec268ec6880301f2fea41dce198fe8fd83ff642b68", size = 246071, upload-time = "2026-05-15T20:53:05.609Z" },
]

[package.optional-dependencies]
requests = [
    { name = "requests", marker = "platform_machine == 'x86_64' and sys_platform == 'linux'" },
]

[[package]]
name = "google-genai"
version = "2.7.0"
source = { registry = "https://pypi.org/simple" }
dependencies = [
    { name = "anyio", marker = "platform_machine == 'x86_64' and sys_platform == 'linux'" },
    { name = "distro", marker = "platform_machine == 'x86_64' and sys_platform == 'linux'" },
    { name = "google-auth", extra = ["requests"], marker = "platform_machine == 'x86_64' and sys_platform == 'linux'" },
    { name = "httpx", marker = "platform_machine == 'x86_64' and sys_platform == 'linux'" },
    { name = "pydantic", marker = "platform_machine == 'x86_64' and sys_platform == 'linux'" },
    { name = "requests", marker = "platform_machine == 'x86_64' and sys_platform == 'linux'" },
    { name = "sniffio", marker = "platform_machine == 'x86_64' and sys_platform == 'linux'" },
    { name = "tenacity", marker = "platform_machine == 'x86_64' and sys_platform == 'linux'" },
    { name = "typing-extensions", marker = "platform_machine == 'x86_64' and sys_platform == 'linux'" },
    { name = "websockets", marker = "platform_machine == 'x86_64' and sys_platform == 'linux'" },
]
sdist = { url = "https://files.pythonhosted.org/packages/a7/7b/6eb3b3d545b6bb4c374acba1ccf91b0f33b605e551536a6243cfcef2f07f/google_genai-2.7.0.tar.gz", hash = "sha256:3c6f32f5ced9877ededd1b384b5e5b7f09c20046ec3390b662b16d8cd1882ac5", size = 555853, upload-time = "2026-05-28T15:39:24.58Z" }
wheels = [
    { url = "https://files.pythonhosted.org/packages/3c/dd/7a8be39e9d698e80e9db796514efbc6083dbd787bdb9a101e8ba47248e5e/google_genai-2.7.0-py3-none-any.whl", hash = "sha256:21cac381e09a869151706aba797b6a4f96cfe92c484e13204d092caee7ff11cb", size = 822545, upload-time = "2026-05-28T15:39:22.907Z" },
]

[[package]]
name = "h11"
version = "0.16.0"
source = { registry = "https://pypi.org/simple" }
sdist = { url = "https://files.pythonhosted.org/packages/01/ee/02a2c011bdab74c6fb3c75474d40b3052059d95df7e73351460c8588d963/h11-0.16.0.tar.gz", hash = "sha256:4e35b956cf45792e4caa5885e69fba00bdbc6ffafbfa020300e549b208ee5ff1", size = 101250, upload-time = "2025-04-24T03:35:25.427Z" }
wheels = [
    { url = "https://files.pythonhosted.org/packages/04/4b/29cac41a4d98d144bf5f6d33995617b185d14b22401f75ca86f384e87ff1/h11-0.16.0-py3-none-any.whl", hash = "sha256:63cf8bbe7522de3bf65932fda1d9c2772064ffb3dae62d55932da54b31cb6c86", size = 37515, upload-time = "2025-04-24T03:35:24.344Z" },
]

[[package]]
name = "httpcore"
version = "1.0.9"
source = { registry = "https://pypi.org/simple" }
dependencies = [
    { name = "certifi", marker = "platform_machine == 'x86_64' and sys_platform == 'linux'" },
    { name = "h11", marker = "platform_machine == 'x86_64' and sys_platform == 'linux'" },
]
sdist = { url = "https://files.pythonhosted.org/packages/06/94/82699a10bca87a5556c9c59b5963f2d039dbd239f25bc2a63907a05a14cb/httpcore-1.0.9.tar.gz", hash = "sha256:6e34463af53fd2ab5d807f399a9b45ea31c3dfa2276f15a2c3f00afff6e176e8", size = 85484, upload-time = "2025-04-24T22:06:22.219Z" }
wheels = [
    { url = "https://files.pythonhosted.org/packages/7e/f5/f66802a942d491edb555dd61e3a9961140fd64c90bce1eafd741609d334d/httpcore-1.0.9-py3-none-any.whl", hash = "sha256:2d400746a40668fc9dec9810239072b40b4484b640a8c38fd654a024c7a1bf55", size = 78784, upload-time = "2025-04-24T22:06:20.566Z" },
]

[[package]]
name = "httpx"
version = "0.28.1"
source = { registry = "https://pypi.org/simple" }
dependencies = [
    { name = "anyio", marker = "platform_machine == 'x86_64' and sys_platform == 'linux'" },
    { name = "certifi", marker = "platform_machine == 'x86_64' and sys_platform == 'linux'" },
    { name = "httpcore", marker = "platform_machine == 'x86_64' and sys_platform == 'linux'" },
    { name = "idna", marker = "platform_machine == 'x86_64' and sys_platform == 'linux'" },
]
sdist = { url = "https://files.pythonhosted.org/packages/b1/df/48c586a5fe32a0f01324ee087459e112ebb7224f646c0b5023f5e79e9956/httpx-0.28.1.tar.gz", hash = "sha256:75e98c5f16b0f35b567856f597f06ff2270a374470a5c2392242528e3e3e42fc", size = 141406, upload-time = "2024-12-06T15:37:23.222Z" }
wheels = [
    { url = "https://files.pythonhosted.org/packages/2a/39/e50c7c3a983047577ee07d2a9e53faf5a69493943ec3f6a384bdc792deb2/httpx-0.28.1-py3-none-any.whl", hash = "sha256:d909fcccc110f8c7faf814ca82a9a4d816bc5a6dbfea25d6591d6985b8ba59ad", size = 73517, upload-time = "2024-12-06T15:37:21.509Z" },
]

[[package]]
name = "idna"
version = "3.18"
source = { registry = "https://pypi.org/simple" }
sdist = { url = "https://files.pythonhosted.org/packages/cd/63/9496c57188a2ee585e0f1db071d75089a11e98aa86eb99d9d7618fc1edce/idna-3.18.tar.gz", hash = "sha256:ffb385a7e039654cef1ab9ef32c6fafe283c0c0467bba1d9029738ce4a14a848", size = 196711, upload-time = "2026-06-02T14:34:07.794Z" }
wheels = [
    { url = "https://files.pythonhosted.org/packages/1e/5e/d4e9f1a599fb8e573b7b87160658329fbf28d19eac2718f51fc3def3aa5a/idna-3.18-py3-none-any.whl", hash = "sha256:7f952cbe720b688055e3f87de14f5c3e5fdaa8bc3928985c4077ca689de849a2", size = 65455, upload-time = "2026-06-02T14:34:06.319Z" },
]

[[package]]
name = "markdown-it-py"
version = "4.2.0"
source = { registry = "https://pypi.org/simple" }
dependencies = [
    { name = "mdurl", marker = "platform_machine == 'x86_64' and sys_platform == 'linux'" },
]
sdist = { url = "https://files.pythonhosted.org/packages/06/ff/7841249c247aa650a76b9ee4bbaeae59370dc8bfd2f6c01f3630c35eb134/markdown_it_py-4.2.0.tar.gz", hash = "sha256:04a21681d6fbb623de53f6f364d352309d4094dd4194040a10fd51833e418d49", size = 82454, upload-time = "2026-05-07T12:08:28.36Z" }
wheels = [
    { url = "https://files.pythonhosted.org/packages/b3/81/4da04ced5a082363ecfa159c010d200ecbd959ae410c10c0264a38cac0f5/markdown_it_py-4.2.0-py3-none-any.whl", hash = "sha256:9f7ebbcd14fe59494226453aed97c1070d83f8d24b6fc3a3bcf9a38092641c4a", size = 91687, upload-time = "2026-05-07T12:08:27.182Z" },
]

[[package]]
name = "mdurl"
version = "0.1.2"
source = { registry = "https://pypi.org/simple" }
sdist = { url = "https://files.pythonhosted.org/packages/d6/54/cfe61301667036ec958cb99bd3efefba235e65cdeb9c84d24a8293ba1d90/mdurl-0.1.2.tar.gz", hash = "sha256:bb413d29f5eea38f31dd4754dd7377d4465116fb207585f97bf925588687c1ba", size = 8729, upload-time = "2022-08-14T12:40:10.846Z" }
wheels = [
    { url = "https://files.pythonhosted.org/packages/b3/38/89ba8ad64ae25be8de66a6d463314cf1eb366222074cfda9ee839c56a4b4/mdurl-0.1.2-py3-none-any.whl", hash = "sha256:84008a41e51615a49fc9966191ff91509e3c40b939176e643fd50a5c2196b8f8", size = 9979, upload-time = "2022-08-14T12:40:09.779Z" },
]

[[package]]
name = "multidict"
version = "6.7.1"
source = { registry = "https://pypi.org/simple" }
sdist = { url = "https://files.pythonhosted.org/packages/1a/c2/c2d94cbe6ac1753f3fc980da97b3d930efe1da3af3c9f5125354436c073d/multidict-6.7.1.tar.gz", hash = "sha256:ec6652a1bee61c53a3e5776b6049172c53b6aaba34f18c9ad04f82712bac623d", size = 102010, upload-time = "2026-01-26T02:46:45.979Z" }
wheels = [
    { url = "https://files.pythonhosted.org/packages/b0/73/6e1b01cbeb458807aa0831742232dbdd1fa92bfa33f52a3f176b4ff3dc11/multidict-6.7.1-cp313-cp313-manylinux2014_x86_64.manylinux_2_17_x86_64.manylinux_2_28_x86_64.whl", hash = "sha256:9d624335fd4fa1c08a53f8b4be7676ebde19cd092b3895c421045ca87895b429", size = 254277, upload-time = "2026-01-26T02:44:30.902Z" },
    { url = "https://files.pythonhosted.org/packages/52/da/151a44e8016dd33feed44f730bd856a66257c1ee7aed4f44b649fb7edeb3/multidict-6.7.1-cp313-cp313-musllinux_1_2_x86_64.whl", hash = "sha256:97891f3b1b3ffbded884e2916cacf3c6fc87b66bb0dde46f7357404750559f33", size = 249490, upload-time = "2026-01-26T02:44:39.386Z" },
    { url = "https://files.pythonhosted.org/packages/00/e3/9b60ed9e23e64c73a5cde95269ef1330678e9c6e34dd4eb6b431b85b5a10/multidict-6.7.1-cp313-cp313t-manylinux2014_x86_64.manylinux_2_17_x86_64.manylinux_2_28_x86_64.whl", hash = "sha256:6aac4f16b472d5b7dc6f66a0d49dd57b0e0902090be16594dc9ebfd3d17c47e7", size = 247970, upload-time = "2026-01-26T02:44:56.783Z" },
    { url = "https://files.pythonhosted.org/packages/e5/03/7ca022ffc36c5a3f6e03b179a5ceb829be9da5783e6fe395f347c0794680/multidict-6.7.1-cp313-cp313t-musllinux_1_2_x86_64.whl", hash = "sha256:41f2952231456154ee479651491e94118229844dd7226541788be783be2b5108", size = 243422, upload-time = "2026-01-26T02:45:05.296Z" },
    { url = "https://files.pythonhosted.org/packages/81/08/7036c080d7117f28a4af526d794aab6a84463126db031b007717c1a6676e/multidict-6.7.1-py3-none-any.whl", hash = "sha256:55d97cc6dae627efa6a6e548885712d4864b81110ac76fa4e534c03819fa4a56", size = 12319, upload-time = "2026-01-26T02:46:44.004Z" },
]

[[package]]
name = "propcache"
version = "0.5.2"
source = { registry = "https://pypi.org/simple" }
sdist = { url = "https://files.pythonhosted.org/packages/ec/44/c87281c333769159c50594f22610f77398a47ccbfbbf23074e744e86f87c/propcache-0.5.2.tar.gz", hash = "sha256:01c4fc7480cd0598bb4b57022df55b9ca296da7fc5a8760bd8451a7e63a7d427", size = 50208, upload-time = "2026-05-08T21:02:12.199Z" }
wheels = [
    { url = "https://files.pythonhosted.org/packages/8b/c6/979176efdaa3d239e36d503d5af63a0a773b36662ed8f52e5b6a6d9fd40e/propcache-0.5.2-cp313-cp313-manylinux2014_x86_64.manylinux_2_17_x86_64.manylinux_2_28_x86_64.whl", hash = "sha256:4db0ba63d693afd40d249bd93f842b5f144f8fcbb83de05660373bcf30517b1d", size = 61534, upload-time = "2026-05-08T21:00:44.507Z" },
    { url = "https://files.pythonhosted.org/packages/92/56/f5c7d9b4b7595d5127da38974d791b2153f3d1eae6c674af3583ace92ad3/propcache-0.5.2-cp313-cp313-musllinux_1_2_x86_64.whl", hash = "sha256:cfa21e036ce1e1db2be04ba3b85d2df1bb1702fa01932d984c5464c665228ff4", size = 62463, upload-time = "2026-05-08T21:00:54.303Z" },
    { url = "https://files.pythonhosted.org/packages/83/e4/5c7462e50625f051f37fb38b8224f7639f667184bbd34424ec83819bb1b7/propcache-0.5.2-cp313-cp313t-manylinux2014_x86_64.manylinux_2_17_x86_64.manylinux_2_28_x86_64.whl", hash = "sha256:f7467da8a9822bf1a55336f877340c5bcbd3c482afc43a99771169f74a26dedc", size = 63773, upload-time = "2026-05-08T21:01:08.514Z" },
    { url = "https://files.pythonhosted.org/packages/34/68/8bdb7bb7756d76e005490649d10e4a8369e610c74d619f71e1aedf889e9c/propcache-0.5.2-cp313-cp313t-musllinux_1_2_x86_64.whl", hash = "sha256:cef6cea3922890dd6c9654971001fa797b526c16ab5e1e46c05fd6f877be7568", size = 64964, upload-time = "2026-05-08T21:01:17.57Z" },
    { url = "https://files.pythonhosted.org/packages/3a/ed/1cdcab6ba3d6ab7feca11fc14f0eeea80755bb53ef4e892079f31b10a25f/propcache-0.5.2-py3-none-any.whl", hash = "sha256:be1ddfcbb376e3de5d2e2db1d58d6d67463e6b4f9f040c000de8e300295465fe", size = 14036, upload-time = "2026-05-08T21:02:10.673Z" },
]

[[package]]
name = "pyasn1"
version = "0.6.3"
source = { registry = "https://pypi.org/simple" }
sdist = { url = "https://files.pythonhosted.org/packages/5c/5f/6583902b6f79b399c9c40674ac384fd9cd77805f9e6205075f828ef11fb2/pyasn1-0.6.3.tar.gz", hash = "sha256:697a8ecd6d98891189184ca1fa05d1bb00e2f84b5977c481452050549c8a72cf", size = 148685, upload-time = "2026-03-17T01:06:53.382Z" }
wheels = [
    { url = "https://files.pythonhosted.org/packages/5d/a0/7d793dce3fa811fe047d6ae2431c672364b462850c6235ae306c0efd025f/pyasn1-0.6.3-py3-none-any.whl", hash = "sha256:a80184d120f0864a52a073acc6fc642847d0be408e7c7252f31390c0f4eadcde", size = 83997, upload-time = "2026-03-17T01:06:52.036Z" },
]

[[package]]
name = "pyasn1-modules"
version = "0.4.2"
source = { registry = "https://pypi.org/simple" }
dependencies = [
    { name = "pyasn1", marker = "platform_machine == 'x86_64' and sys_platform == 'linux'" },
]
sdist = { url = "https://files.pythonhosted.org/packages/e9/e6/78ebbb10a8c8e4b61a59249394a4a594c1a7af95593dc933a349c8d00964/pyasn1_modules-0.4.2.tar.gz", hash = "sha256:677091de870a80aae844b1ca6134f54652fa2c8c5a52aa396440ac3106e941e6", size = 307892, upload-time = "2025-03-28T02:41:22.17Z" }
wheels = [
    { url = "https://files.pythonhosted.org/packages/47/8d/d529b5d697919ba8c11ad626e835d4039be708a35b0d22de83a269a6682c/pyasn1_modules-0.4.2-py3-none-any.whl", hash = "sha256:29253a9207ce32b64c3ac6600edc75368f98473906e8fd1043bd6b5b1de2c14a", size = 181259, upload-time = "2025-03-28T02:41:19.028Z" },
]

[[package]]
name = "pycparser"
version = "3.0"
source = { registry = "https://pypi.org/simple" }
sdist = { url = "https://files.pythonhosted.org/packages/1b/7d/92392ff7815c21062bea51aa7b87d45576f649f16458d78b7cf94b9ab2e6/pycparser-3.0.tar.gz", hash = "sha256:600f49d217304a5902ac3c37e1281c9fe94e4d0489de643a9504c5cdfdfc6b29", size = 103492, upload-time = "2026-01-21T14:26:51.89Z" }
wheels = [
    { url = "https://files.pythonhosted.org/packages/0c/c3/44f3fbbfa403ea2a7c779186dc20772604442dde72947e7d01069cbe98e3/pycparser-3.0-py3-none-any.whl", hash = "sha256:b727414169a36b7d524c1c3e31839a521725078d7b2ff038656844266160a992", size = 48172, upload-time = "2026-01-21T14:26:50.693Z" },
]

[[package]]
name = "pydantic"
version = "2.13.4"
source = { registry = "https://pypi.org/simple" }
dependencies = [
    { name = "annotated-types", marker = "platform_machine == 'x86_64' and sys_platform == 'linux'" },
    { name = "pydantic-core", marker = "platform_machine == 'x86_64' and sys_platform == 'linux'" },
    { name = "typing-extensions", marker = "platform_machine == 'x86_64' and sys_platform == 'linux'" },
    { name = "typing-inspection", marker = "platform_machine == 'x86_64' and sys_platform == 'linux'" },
]
sdist = { url = "https://files.pythonhosted.org/packages/18/a5/b60d21ac674192f8ab0ba4e9fd860690f9b4a6e51ca5df118733b487d8d6/pydantic-2.13.4.tar.gz", hash = "sha256:c40756b57adaa8b1efeeced5c196f3f3b7c435f90e84ea7f443901bec8099ef6", size = 844775, upload-time = "2026-05-06T13:43:05.343Z" }
wheels = [
    { url = "https://files.pythonhosted.org/packages/fd/7b/122376b1fd3c62c1ed9dc80c931ace4844b3c55407b6fb2d199377c9736f/pydantic-2.13.4-py3-none-any.whl", hash = "sha256:45a282cde31d808236fd7ea9d919b128653c8b38b393d1c4ab335c62924d9aba", size = 472262, upload-time = "2026-05-06T13:43:02.641Z" },
]

[[package]]
name = "pydantic-core"
version = "2.46.4"
source = { registry = "https://pypi.org/simple" }
dependencies = [
    { name = "typing-extensions", marker = "platform_machine == 'x86_64' and sys_platform == 'linux'" },
]
sdist = { url = "https://files.pythonhosted.org/packages/9d/56/921726b776ace8d8f5db44c4ef961006580d91dc52b803c489fafd1aa249/pydantic_core-2.46.4.tar.gz", hash = "sha256:62f875393d7f270851f20523dd2e29f082bcc82292d66db2b64ea71f64b6e1c1", size = 471464, upload-time = "2026-05-06T13:37:06.98Z" }
wheels = [
    { url = "https://files.pythonhosted.org/packages/07/f8/41db9de19d7987d6b04715a02b3b40aea467000275d9d758ffaa31af7d50/pydantic_core-2.46.4-cp313-cp313-manylinux_2_17_x86_64.manylinux2014_x86_64.whl", hash = "sha256:9551187363ffc0de2a00b2e47c25aeaeb1020b69b668762966df15fc5659dd5a", size = 2094467, upload-time = "2026-05-06T13:39:18.847Z" },
    { url = "https://files.pythonhosted.org/packages/c2/eb/4f6c8a41efa30baa755590f4141abf3a8c370fab610915733e74134a7270/pydantic_core-2.46.4-cp313-cp313-musllinux_1_1_x86_64.whl", hash = "sha256:82cf5301172168103724d49a1444d3378cb20cdee30b116a1bd6031236298a5d", size = 2372986, upload-time = "2026-05-06T13:39:34.152Z" },
]

[[package]]
name = "pygments"
version = "2.20.0"
source = { registry = "https://pypi.org/simple" }
sdist = { url = "https://files.pythonhosted.org/packages/c3/b2/bc9c9196916376152d655522fdcebac55e66de6603a76a02bca1b6414f6c/pygments-2.20.0.tar.gz", hash = "sha256:6757cd03768053ff99f3039c1a36d6c0aa0b263438fcab17520b30a303a82b5f", size = 4955991, upload-time = "2026-03-29T13:29:33.898Z" }
wheels = [
    { url = "https://files.pythonhosted.org/packages/f4/7e/a72dd26f3b0f4f2bf1dd8923c85f7ceb43172af56d63c7383eb62b332364/pygments-2.20.0-py3-none-any.whl", hash = "sha256:81a9e26dd42fd28a23a2d169d86d7ac03b46e2f8b59ed4698fb4785f946d0176", size = 1231151, upload-time = "2026-03-29T13:29:30.038Z" },
]

[[package]]
name = "requests"
version = "2.34.2"
source = { registry = "https://pypi.org/simple" }
dependencies = [
    { name = "certifi", marker = "platform_machine == 'x86_64' and sys_platform == 'linux'" },
    { name = "charset-normalizer", marker = "platform_machine == 'x86_64' and sys_platform == 'linux'" },
    { name = "idna", marker = "platform_machine == 'x86_64' and sys_platform == 'linux'" },
    { name = "urllib3", marker = "platform_machine == 'x86_64' and sys_platform == 'linux'" },
]
sdist = { url = "https://files.pythonhosted.org/packages/ac/c3/e2a2b89f2d3e2179abd6d00ebd70bff6273f37fb3e0cc209f48b39d00cbf/requests-2.34.2.tar.gz", hash = "sha256:f288924cae4e29463698d6d60bc6a4da69c89185ad1e0bcc4104f584e960b9ed", size = 142856, upload-time = "2026-05-14T19:25:27.735Z" }
wheels = [
    { url = "https://files.pythonhosted.org/packages/a0/f4/c67b0b3f1b9245e8d266f0f112c500d50e5b4e83cb6f3b71b6528104182a/requests-2.34.2-py3-none-any.whl", hash = "sha256:2a0d60c172f83ac6ab31e4554906c0f3b3588d37b5cb939b1c061f4907e278e0", size = 73075, upload-time = "2026-05-14T19:25:26.443Z" },
]

[[package]]
name = "rich"
version = "15.0.0"
source = { registry = "https://pypi.org/simple" }
dependencies = [
    { name = "markdown-it-py", marker = "platform_machine == 'x86_64' and sys_platform == 'linux'" },
    { name = "pygments", marker = "platform_machine == 'x86_64' and sys_platform == 'linux'" },
]
sdist = { url = "https://files.pythonhosted.org/packages/c0/8f/0722ca900cc807c13a6a0c696dacf35430f72e0ec571c4275d2371fca3e9/rich-15.0.0.tar.gz", hash = "sha256:edd07a4824c6b40189fb7ac9bc4c52536e9780fbbfbddf6f1e2502c31b068c36", size = 230680, upload-time = "2026-04-12T08:24:00.75Z" }
wheels = [
    { url = "https://files.pythonhosted.org/packages/82/3b/64d4899d73f91ba49a8c18a8ff3f0ea8f1c1d75481760df8c68ef5235bf5/rich-15.0.0-py3-none-any.whl", hash = "sha256:33bd4ef74232fb73fe9279a257718407f169c09b78a87ad3d296f548e27de0bb", size = 310654, upload-time = "2026-04-12T08:24:02.83Z" },
]

[[package]]
name = "sniffio"
version = "1.3.1"
source = { registry = "https://pypi.org/simple" }
sdist = { url = "https://files.pythonhosted.org/packages/a2/87/a6771e1546d97e7e041b6ae58d80074f81b7d5121207425c964ddf5cfdbd/sniffio-1.3.1.tar.gz", hash = "sha256:f4324edc670a0f49750a81b895f35c3adb843cca46f0530f79fc1babb23789dc", size = 20372, upload-time = "2024-02-25T23:20:04.057Z" }
wheels = [
    { url = "https://files.pythonhosted.org/packages/e9/44/75a9c9421471a6c4805dbf2356f7c181a29c1879239abab1ea2cc8f38b40/sniffio-1.3.1-py3-none-any.whl", hash = "sha256:2f6da418d1f1e0fddd844478f41680e794e6051915791a034ff65e5f100525a2", size = 10235, upload-time = "2024-02-25T23:20:01.196Z" },
]

[[package]]
name = "tenacity"
version = "9.1.4"
source = { registry = "https://pypi.org/simple" }
sdist = { url = "https://files.pythonhosted.org/packages/47/c6/ee486fd809e357697ee8a44d3d69222b344920433d3b6666ccd9b374630c/tenacity-9.1.4.tar.gz", hash = "sha256:adb31d4c263f2bd041081ab33b498309a57c77f9acf2db65aadf0898179cf93a", size = 49413, upload-time = "2026-02-07T10:45:33.841Z" }
wheels = [
    { url = "https://files.pythonhosted.org/packages/d7/c1/eb8f9debc45d3b7918a32ab756658a0904732f75e555402972246b0b8e71/tenacity-9.1.4-py3-none-any.whl", hash = "sha256:6095a360c919085f28c6527de529e76a06ad89b23659fa881ae0649b867a9d55", size = 28926, upload-time = "2026-02-07T10:45:32.24Z" },
]

[[package]]
name = "typing-extensions"
version = "4.15.0"
source = { registry = "https://pypi.org/simple" }
sdist = { url = "https://files.pythonhosted.org/packages/72/94/1a15dd82efb362ac84269196e94cf00f187f7ed21c242792a923cdb1c61f/typing_extensions-4.15.0.tar.gz", hash = "sha256:0cea48d173cc12fa28ecabc3b837ea3cf6f38c6d1136f85cbaaf598984861466", size = 109391, upload-time = "2025-08-25T13:49:26.313Z" }
wheels = [
    { url = "https://files.pythonhosted.org/packages/18/67/36e9267722cc04a6b9f15c7f3441c2363321a3ea07da7ae0c0707beb2a9c/typing_extensions-4.15.0-py3-none-any.whl", hash = "sha256:f0fa19c6845758ab08074a0cfa8b7aecb71c999ca73d62883bc25cc018c4e548", size = 44614, upload-time = "2025-08-25T13:49:24.86Z" },
]

[[package]]
name = "typing-inspection"
version = "0.4.2"
source = { registry = "https://pypi.org/simple" }
dependencies = [
    { name = "typing-extensions", marker = "platform_machine == 'x86_64' and sys_platform == 'linux'" },
]
sdist = { url = "https://files.pythonhosted.org/packages/55/e3/70399cb7dd41c10ac53367ae42139cf4b1ca5f36bb3dc6c9d33acdb43655/typing_inspection-0.4.2.tar.gz", hash = "sha256:ba561c48a67c5958007083d386c3295464928b01faa735ab8547c5692e87f464", size = 75949, upload-time = "2025-10-01T02:14:41.687Z" }
wheels = [
    { url = "https://files.pythonhosted.org/packages/dc/9b/47798a6c91d8bdb567fe2698fe81e0c6b7cb7ef4d13da4114b41d239f65d/typing_inspection-0.4.2-py3-none-any.whl", hash = "sha256:4ed1cacbdc298c220f1bd249ed5287caa16f34d44ef4e9c3d0cbad5b521545e7", size = 14611, upload-time = "2025-10-01T02:14:40.154Z" },
]

[[package]]
name = "urllib3"
version = "2.7.0"
source = { registry = "https://pypi.org/simple" }
sdist = { url = "https://files.pythonhosted.org/packages/53/0c/06f8b233b8fd13b9e5ee11424ef85419ba0d8ba0b3138bf360be2ff56953/urllib3-2.7.0.tar.gz", hash = "sha256:231e0ec3b63ceb14667c67be60f2f2c40a518cb38b03af60abc813da26505f4c", size = 433602, upload-time = "2026-05-07T16:13:18.596Z" }
wheels = [
    { url = "https://files.pythonhosted.org/packages/7f/3e/5db95bcf282c52709639744ca2a8b149baccf648e39c8cc87553df9eae0c/urllib3-2.7.0-py3-none-any.whl", hash = "sha256:9fb4c81ebbb1ce9531cce37674bbc6f1360472bc18ca9a553ede278ef7276897", size = 131087, upload-time = "2026-05-07T16:13:17.151Z" },
]

[[package]]
name = "websockets"
version = "16.0"
source = { registry = "https://pypi.org/simple" }
sdist = { url = "https://files.pythonhosted.org/packages/04/24/4b2031d72e840ce4c1ccb255f693b15c334757fc50023e4db9537080b8c4/websockets-16.0.tar.gz", hash = "sha256:5f6261a5e56e8d5c42a4497b364ea24d94d9563e8fbd44e78ac40879c60179b5", size = 179346, upload-time = "2026-01-10T09:23:47.181Z" }
wheels = [
    { url = "https://files.pythonhosted.org/packages/bd/28/0a25ee5342eb5d5f297d992a77e56892ecb65e7854c7898fb7d35e9b33bd/websockets-16.0-cp313-cp313-manylinux1_x86_64.manylinux_2_28_x86_64.manylinux_2_5_x86_64.whl", hash = "sha256:95724e638f0f9c350bb1c2b0a7ad0e83d9cc0c9259f3ea94e40d7b02a2179ae5", size = 184975, upload-time = "2026-01-10T09:23:03.756Z" },
    { url = "https://files.pythonhosted.org/packages/9b/67/f926bac29882894669368dc73f4da900fcdf47955d0a0185d60103df5737/websockets-16.0-cp313-cp313-musllinux_1_2_x86_64.whl", hash = "sha256:6e5a82b677f8f6f59e8dfc34ec06ca6b5b48bc4fcda346acd093694cc2c24d8f", size = 184920, upload-time = "2026-01-10T09:23:07.492Z" },
    { url = "https://files.pythonhosted.org/packages/6f/28/258ebab549c2bf3e64d2b0217b973467394a9cea8c42f70418ca2c5d0d2e/websockets-16.0-py3-none-any.whl", hash = "sha256:1637db62fad1dc833276dded54215f2c7fa46912301a24bd94d45d46a011ceec", size = 171598, upload-time = "2026-01-10T09:23:45.395Z" },
]

[[package]]
name = "yarl"
version = "1.24.2"
source = { registry = "https://pypi.org/simple" }
dependencies = [
    { name = "idna", marker = "platform_machine == 'x86_64' and sys_platform == 'linux'" },
    { name = "multidict", marker = "platform_machine == 'x86_64' and sys_platform == 'linux'" },
    { name = "propcache", marker = "platform_machine == 'x86_64' and sys_platform == 'linux'" },
]
sdist = { url = "https://files.pythonhosted.org/packages/79/12/1e8f37460ea0f7eb59c221fdaf0ed75e7ac43e97f8093b9c6f411df50a78/yarl-1.24.2.tar.gz", hash = "sha256:9ac374123c6fd7abf64d1fec93962b0bd4ee2c19751755a762a72dd96c0378f8", size = 210798, upload-time = "2026-05-19T21:31:05.599Z" }
wheels = [
    { url = "https://files.pythonhosted.org/packages/df/88/09c28dad91e662ccfaa1b78f1c57badde74fc9d0b23e74aef644750ecd73/yarl-1.24.2-cp313-cp313-manylinux2014_x86_64.manylinux_2_17_x86_64.manylinux_2_28_x86_64.whl", hash = "sha256:91e72cf093fd833483a97ee648e0c053c7c629f51ff4a0e7edd84f806b0c5617", size = 107012, upload-time = "2026-05-19T21:29:36.216Z" },
    { url = "https://files.pythonhosted.org/packages/e7/2c/d6a6c9a61549f7b6c7e6dc6937d195bcf069582b47b7200dcd0e7b256acf/yarl-1.24.2-cp313-cp313-musllinux_1_2_x86_64.whl", hash = "sha256:810e19b685c8c3c5862f6a38160a1f4e4c0916c9390024ec347b6157a45a0992", size = 107362, upload-time = "2026-05-19T21:29:51Z" },
    { url = "https://files.pythonhosted.org/packages/fd/4d/4b880086bd0d3e034d25647be1d830afc3e3f610e98c4ab3490af6b1b6d5/yarl-1.24.2-py3-none-any.whl", hash = "sha256:2783d9226db8797636cd6896e4de81feed252d1db72265686c9558d97a4d94b9", size = 53576, upload-time = "2026-05-19T21:31:03.909Z" },
]
